// !$*UTF8*$!
{
	archiveVersion = 1;
	classes = {
	};
	objectVersion = 50;
	objects = {

/* Begin PBXBuildFile section */
		201BCAA826656CB4006DD4B8 /* DetailViewController.swift in Sources */ = {isa = PBXBuildFile; fileRef = 201BCAA726656CB4006DD4B8 /* DetailViewController.swift */; };
		20678BD62660929000EDF1FB /* AppDelegate.swift in Sources */ = {isa = PBXBuildFile; fileRef = 20678BD52660929000EDF1FB /* AppDelegate.swift */; };
		20678BD82660929000EDF1FB /* SceneDelegate.swift in Sources */ = {isa = PBXBuildFile; fileRef = 20678BD72660929000EDF1FB /* SceneDelegate.swift */; };
		20678BDA2660929000EDF1FB /* ViewController.swift in Sources */ = {isa = PBXBuildFile; fileRef = 20678BD92660929000EDF1FB /* ViewController.swift */; };
		20678BDF2660929200EDF1FB /* Assets.xcassets in Resources */ = {isa = PBXBuildFile; fileRef = 20678BDE2660929200EDF1FB /* Assets.xcassets */; };
		20678BE22660929200EDF1FB /* LaunchScreen.storyboard in Resources */ = {isa = PBXBuildFile; fileRef = 20678BE02660929200EDF1FB /* LaunchScreen.storyboard */; };
		20678BEB266093A300EDF1FB /* Hero.swift in Sources */ = {isa = PBXBuildFile; fileRef = 20678BEA266093A300EDF1FB /* Hero.swift */; };
		20790C092666D24700A0906A /* Main.storyboard in Resources */ = {isa = PBXBuildFile; fileRef = 20790C082666D24700A0906A /* Main.storyboard */; };
		20790C1F266AA0D900A0906A /* StatsCell.swift in Sources */ = {isa = PBXBuildFile; fileRef = 20790C1D266AA0D900A0906A /* StatsCell.swift */; };
		20790C20266AA0D900A0906A /* StatsCell.xib in Resources */ = {isa = PBXBuildFile; fileRef = 20790C1E266AA0D900A0906A /* StatsCell.xib */; };
/* End PBXBuildFile section */

/* Begin PBXFileReference section */
		201BCAA726656CB4006DD4B8 /* DetailViewController.swift */ = {isa = PBXFileReference; lastKnownFileType = sourcecode.swift; path = DetailViewController.swift; sourceTree = "<group>"; };
		20678BD22660929000EDF1FB /* OpenDotaAPI-UIKit.app */ = {isa = PBXFileReference; explicitFileType = wrapper.application; includeInIndex = 0; path = "OpenDotaAPI-UIKit.app"; sourceTree = BUILT_PRODUCTS_DIR; };
		20678BD52660929000EDF1FB /* AppDelegate.swift */ = {isa = PBXFileReference; lastKnownFileType = sourcecode.swift; path = AppDelegate.swift; sourceTree = "<group>"; };
		20678BD72660929000EDF1FB /* SceneDelegate.swift */ = {isa = PBXFileReference; lastKnownFileType = sourcecode.swift; path = SceneDelegate.swift; sourceTree = "<group>"; };
		20678BD92660929000EDF1FB /* ViewController.swift */ = {isa = PBXFileReference; lastKnownFileType = sourcecode.swift; path = ViewController.swift; sourceTree = "<group>"; };
		20678BDE2660929200EDF1FB /* Assets.xcassets */ = {isa = PBXFileReference; lastKnownFileType = folder.assetcatalog; path = Assets.xcassets; sourceTree = "<group>"; };
		20678BE12660929200EDF1FB /* Base */ = {isa = PBXFileReference; lastKnownFileType = file.storyboard; name = Base; path = Base.lproj/LaunchScreen.storyboard; sourceTree = "<group>"; };
		20678BE32660929200EDF1FB /* Info.plist */ = {isa = PBXFileReference; lastKnownFileType = text.plist.xml; path = Info.plist; sourceTree = "<group>"; };
		20678BEA266093A300EDF1FB /* Hero.swift */ = {isa = PBXFileReference; lastKnownFileType = sourcecode.swift; path = Hero.swift; sourceTree = "<group>"; };
		20790C082666D24700A0906A /* Main.storyboard */ = {isa = PBXFileReference; fileEncoding = 4; lastKnownFileType = file.storyboard; path = Main.storyboard; sourceTree = "<group>"; };
		20790C1D266AA0D900A0906A /* StatsCell.swift */ = {isa = PBXFileReference; lastKnownFileType = sourcecode.swift; name = StatsCell.swift; path = "OpenDotaAPI-UIKit/Model/StatsCell.swift"; sourceTree = SOURCE_ROOT; };
		20790C1E266AA0D900A0906A /* StatsCell.xib */ = {isa = PBXFileReference; lastKnownFileType = file.xib; name = StatsCell.xib; path = "OpenDotaAPI-UIKit/Controller/StatsCell.xib"; sourceTree = SOURCE_ROOT; };
/* End PBXFileReference section */

/* Begin PBXFrameworksBuildPhase section */
		20678BCF2660929000EDF1FB /* Frameworks */ = {
			isa = PBXFrameworksBuildPhase;
			buildActionMask = 2147483647;
			files = (
			);
			runOnlyForDeploymentPostprocessing = 0;
		};
/* End PBXFrameworksBuildPhase section */

/* Begin PBXGroup section */
		20678BC92660929000EDF1FB = {
			isa = PBXGroup;
			children = (
				20678BD72660929000EDF1FB /* SceneDelegate.swift */,
				20678BD42660929000EDF1FB /* OpenDotaAPI-UIKit */,
				20678BD32660929000EDF1FB /* Products */,
			);
			sourceTree = "<group>";
		};
		20678BD32660929000EDF1FB /* Products */ = {
			isa = PBXGroup;
			children = (
				20678BD22660929000EDF1FB /* OpenDotaAPI-UIKit.app */,
			);
			name = Products;
			sourceTree = "<group>";
		};
		20678BD42660929000EDF1FB /* OpenDotaAPI-UIKit */ = {
			isa = PBXGroup;
			children = (
				20678BD52660929000EDF1FB /* AppDelegate.swift */,
				20790C102666D29A00A0906A /* Model */,
				20790C0F2666D29300A0906A /* View */,
				20790C0D2666D28A00A0906A /* Controller */,
				20678BDE2660929200EDF1FB /* Assets.xcassets */,
				20678BE02660929200EDF1FB /* LaunchScreen.storyboard */,
				20678BE32660929200EDF1FB /* Info.plist */,
			);
			path = "OpenDotaAPI-UIKit";
			sourceTree = "<group>";
		};
		20790C0D2666D28A00A0906A /* Controller */ = {
			isa = PBXGroup;
			children = (
				20678BD92660929000EDF1FB /* ViewController.swift */,
				201BCAA726656CB4006DD4B8 /* DetailViewController.swift */,
			);
			path = Controller;
			sourceTree = "<group>";
		};
		20790C0F2666D29300A0906A /* View */ = {
			isa = PBXGroup;
			children = (
				20790C1E266AA0D900A0906A /* StatsCell.xib */,
				20790C082666D24700A0906A /* Main.storyboard */,
			);
			path = View;
			sourceTree = "<group>";
		};
		20790C102666D29A00A0906A /* Model */ = {
			isa = PBXGroup;
			children = (
				20678BEA266093A300EDF1FB /* Hero.swift */,
				20790C1D266AA0D900A0906A /* StatsCell.swift */,
			);
			path = Model;
			sourceTree = "<group>";
		};
/* End PBXGroup section */

/* Begin PBXNativeTarget section */
		20678BD12660929000EDF1FB /* OpenDotaAPI-UIKit */ = {
			isa = PBXNativeTarget;
			buildConfigurationList = 20678BE62660929200EDF1FB /* Build configuration list for PBXNativeTarget "OpenDotaAPI-UIKit" */;
			buildPhases = (
				20678BCE2660929000EDF1FB /* Sources */,
				20678BCF2660929000EDF1FB /* Frameworks */,
				20678BD02660929000EDF1FB /* Resources */,
			);
			buildRules = (
			);
			dependencies = (
			);
			name = "OpenDotaAPI-UIKit";
			productName = "OpenDotaAPI-UIKit";
			productReference = 20678BD22660929000EDF1FB /* OpenDotaAPI-UIKit.app */;
			productType = "com.apple.product-type.application";
		};
/* End PBXNativeTarget section */

/* Begin PBXProject section */
		20678BCA2660929000EDF1FB /* Project object */ = {
			isa = PBXProject;
			attributes = {
				LastSwiftUpdateCheck = 1240;
				LastUpgradeCheck = 1240;
				TargetAttributes = {
					20678BD12660929000EDF1FB = {
						CreatedOnToolsVersion = 12.4;
					};
				};
			};
			buildConfigurationList = 20678BCD2660929000EDF1FB /* Build configuration list for PBXProject "OpenDotaAPI-UIKit" */;
			compatibilityVersion = "Xcode 9.3";
			developmentRegion = en;
			hasScannedForEncodings = 0;
			knownRegions = (
				en,
				Base,
			);
			mainGroup = 20678BC92660929000EDF1FB;
			productRefGroup = 20678BD32660929000EDF1FB /* Products */;
			projectDirPath = "";
			projectRoot = "";
			targets = (
				20678BD12660929000EDF1FB /* OpenDotaAPI-UIKit */,
			);
		};
/* End PBXProject section */

/* Begin PBXResourcesBuildPhase section */
		20678BD02660929000EDF1FB /* Resources */ = {
			isa = PBXResourcesBuildPhase;
			buildActionMask = 2147483647;
			files = (
				20790C092666D24700A0906A /* Main.storyboard in Resources */,
				20790C20266AA0D900A0906A /* StatsCell.xib in Resources */,
				20678BE22660929200EDF1FB /* LaunchScreen.storyboard in Resources */,
				20678BDF2660929200EDF1FB /* Assets.xcassets in Resources */,
			);
			runOnlyForDeploymentPostprocessing = 0;
		};
/* End PBXResourcesBuildPhase section */

/* Begin PBXSourcesBuildPhase section */
		20678BCE2660929000EDF1FB /* Sources */ = {
			isa = PBXSourcesBuildPhase;
			buildActionMask = 2147483647;
			files = (
				20678BDA2660929000EDF1FB /* ViewController.swift in Sources */,
				20678BD62660929000EDF1FB /* AppDelegate.swift in Sources */,
				20678BD82660929000EDF1FB /* SceneDelegate.swift in Sources */,
				20790C1F266AA0D900A0906A /* StatsCell.swift in Sources */,
				20678BEB266093A300EDF1FB /* Hero.swift in Sources */,
				201BCAA826656CB4006DD4B8 /* DetailViewController.swift in Sources */,
			);
			runOnlyForDeploymentPostprocessing = 0;
		};
/* End PBXSourcesBuildPhase section */

/* Begin PBXVariantGroup section */
		20678BE02660929200EDF1FB /* LaunchScreen.storyboard */ = {
			isa = PBXVariantGroup;
			children = (
				20678BE12660929200EDF1FB /* Base */,
			);
			name = LaunchScreen.storyboard;
			sourceTree = "<group>";
		};
/* End PBXVariantGroup section */

/* Begin XCBuildConfiguration section */
		20678BE42660929200EDF1FB /* Debug */ = {
			isa = XCBuildConfiguration;
			buildSettings = {
				ALWAYS_SEARCH_USER_PATHS = NO;
				CLANG_ANALYZER_NONNULL = YES;
				CLANG_ANALYZER_NUMBER_OBJECT_CONVERSION = YES_AGGRESSIVE;
				CLANG_CXX_LANGUAGE_STANDARD = "gnu++14";
				CLANG_CXX_LIBRARY = "libc++";
				CLANG_ENABLE_MODULES = YES;
				CLANG_ENABLE_OBJC_ARC = YES;
				CLANG_ENABLE_OBJC_WEAK = YES;
				CLANG_WARN_BLOCK_CAPTURE_AUTORELEASING = YES;
				CLANG_WARN_BOOL_CONVERSION = YES;
				CLANG_WARN_COMMA = YES;
				CLANG_WARN_CONSTANT_CONVERSION = YES;
				CLANG_WARN_DEPRECATED_OBJC_IMPLEMENTATIONS = YES;
				CLANG_WARN_DIRECT_OBJC_ISA_USAGE = YES_ERROR;
				CLANG_WARN_DOCUMENTATION_COMMENTS = YES;
				CLANG_WARN_EMPTY_BODY = YES;
				CLANG_WARN_ENUM_CONVERSION = YES;
				CLANG_WARN_INFINITE_RECURSION = YES;
				CLANG_WARN_INT_CONVERSION = YES;
				CLANG_WARN_NON_LITERAL_NULL_CONVERSION = YES;
				CLANG_WARN_OBJC_IMPLICIT_RETAIN_SELF = YES;
				CLANG_WARN_OBJC_LITERAL_CONVERSION = YES;
				CLANG_WARN_OBJC_ROOT_CLASS = YES_ERROR;
				CLANG_WARN_QUOTED_INCLUDE_IN_FRAMEWORK_HEADER = YES;
				CLANG_WARN_RANGE_LOOP_ANALYSIS = YES;
				CLANG_WARN_STRICT_PROTOTYPES = YES;
				CLANG_WARN_SUSPICIOUS_MOVE = YES;
				CLANG_WARN_UNGUARDED_AVAILABILITY = YES_AGGRESSIVE;
				CLANG_WARN_UNREACHABLE_CODE = YES;
				CLANG_WARN__DUPLICATE_METHOD_MATCH = YES;
				COPY_PHASE_STRIP = NO;
				DEBUG_INFORMATION_FORMAT = dwarf;
				ENABLE_STRICT_OBJC_MSGSEND = YES;
				ENABLE_TESTABILITY = YES;
				GCC_C_LANGUAGE_STANDARD = gnu11;
				GCC_DYNAMIC_NO_PIC = NO;
				GCC_NO_COMMON_BLOCKS = YES;
				GCC_OPTIMIZATION_LEVEL = 0;
				GCC_PREPROCESSOR_DEFINITIONS = (
					"DEBUG=1",
					"$(inherited)",
				);
				GCC_WARN_64_TO_32_BIT_CONVERSION = YES;
				GCC_WARN_ABOUT_RETURN_TYPE = YES_ERROR;
				GCC_WARN_UNDECLARED_SELECTOR = YES;
				GCC_WARN_UNINITIALIZED_AUTOS = YES_AGGRESSIVE;
				GCC_WARN_UNUSED_FUNCTION = YES;
				GCC_WARN_UNUSED_VARIABLE = YES;
				IPHONEOS_DEPLOYMENT_TARGET = 14.4;
				MTL_ENABLE_DEBUG_INFO = INCLUDE_SOURCE;
				MTL_FAST_MATH = YES;
				ONLY_ACTIVE_ARCH = YES;
				SDKROOT = iphoneos;
				SWIFT_ACTIVE_COMPILATION_CONDITIONS = DEBUG;
				SWIFT_OPTIMIZATION_LEVEL = "-Onone";
			};
			name = Debug;
		};
		20678BE52660929200EDF1FB /* Release */ = {
			isa = XCBuildConfiguration;
			buildSettings = {
				ALWAYS_SEARCH_USER_PATHS = NO;
				CLANG_ANALYZER_NONNULL = YES;
				CLANG_ANALYZER_NUMBER_OBJECT_CONVERSION = YES_AGGRESSIVE;
				CLANG_CXX_LANGUAGE_STANDARD = "gnu++14";
				CLANG_CXX_LIBRARY = "libc++";
				CLANG_ENABLE_MODULES = YES;
				CLANG_ENABLE_OBJC_ARC = YES;
				CLANG_ENABLE_OBJC_WEAK = YES;
				CLANG_WARN_BLOCK_CAPTURE_AUTORELEASING = YES;
				CLANG_WARN_BOOL_CONVERSION = YES;
				CLANG_WARN_COMMA = YES;
				CLANG_WARN_CONSTANT_CONVERSION = YES;
				CLANG_WARN_DEPRECATED_OBJC_IMPLEMENTATIONS = YES;
				CLANG_WARN_DIRECT_OBJC_ISA_USAGE = YES_ERROR;
				CLANG_WARN_DOCUMENTATION_COMMENTS = YES;
				CLANG_WARN_EMPTY_BODY = YES;
				CLANG_WARN_ENUM_CONVERSION = YES;
				CLANG_WARN_INFINITE_RECURSION = YES;
				CLANG_WARN_INT_CONVERSION = YES;
				CLANG_WARN_NON_LITERAL_NULL_CONVERSION = YES;
				CLANG_WARN_OBJC_IMPLICIT_RETAIN_SELF = YES;
				CLANG_WARN_OBJC_LITERAL_CONVERSION = YES;
				CLANG_WARN_OBJC_ROOT_CLASS = YES_ERROR;
				CLANG_WARN_QUOTED_INCLUDE_IN_FRAMEWORK_HEADER = YES;
				CLANG_WARN_RANGE_LOOP_ANALYSIS = YES;
				CLANG_WARN_STRICT_PROTOTYPES = YES;
				CLANG_WARN_SUSPICIOUS_MOVE = YES;
				CLANG_WARN_UNGUARDED_AVAILABILITY = YES_AGGRESSIVE;
				CLANG_WARN_UNREACHABLE_CODE = YES;
				CLANG_WARN__DUPLICATE_METHOD_MATCH = YES;
				COPY_PHASE_STRIP = NO;
				DEBUG_INFORMATION_FORMAT = "dwarf-with-dsym";
				ENABLE_NS_ASSERTIONS = NO;
				ENABLE_STRICT_OBJC_MSGSEND = YES;
				GCC_C_LANGUAGE_STANDARD = gnu11;
				GCC_NO_COMMON_BLOCKS = YES;
				GCC_WARN_64_TO_32_BIT_CONVERSION = YES;
				GCC_WARN_ABOUT_RETURN_TYPE = YES_ERROR;
				GCC_WARN_UNDECLARED_SELECTOR = YES;
				GCC_WARN_UNINITIALIZED_AUTOS = YES_AGGRESSIVE;
				GCC_WARN_UNUSED_FUNCTION = YES;
				GCC_WARN_UNUSED_VARIABLE = YES;
				IPHONEOS_DEPLOYMENT_TARGET = 14.4;
				MTL_ENABLE_DEBUG_INFO = NO;
				MTL_FAST_MATH = YES;
				SDKROOT = iphoneos;
				SWIFT_COMPILATION_MODE = wholemodule;
				SWIFT_OPTIMIZATION_LEVEL = "-O";
				VALIDATE_PRODUCT = YES;
			};
			name = Release;
		};
		20678BE72660929200EDF1FB /* Debug */ = {
			isa = XCBuildConfiguration;
			buildSettings = {
				ASSETCATALOG_COMPILER_APPICON_NAME = AppIcon;
				ASSETCATALOG_COMPILER_GLOBAL_ACCENT_COLOR_NAME = AccentColor;
				CODE_SIGN_STYLE = Automatic;
				DEVELOPMENT_TEAM = 79NLKX484J;
				INFOPLIST_FILE = "OpenDotaAPI-UIKit/Info.plist";
				LD_RUNPATH_SEARCH_PATHS = (
					"$(inherited)",
					"@executable_path/Frameworks",
				);
				PRODUCT_BUNDLE_IDENTIFIER = "com.jareyesda.OpenDotaAPI-UIKit";
				PRODUCT_NAME = "$(TARGET_NAME)";
				SWIFT_VERSION = 5.0;
				TARGETED_DEVICE_FAMILY = "1,2";
			};
			name = Debug;
		};
		20678BE82660929200EDF1FB /* Release */ = {
			isa = XCBuildConfiguration;
			buildSettings = {
				ASSETCATALOG_COMPILER_APPICON_NAME = AppIcon;
				ASSETCATALOG_COMPILER_GLOBAL_ACCENT_COLOR_NAME = AccentColor;
				CODE_SIGN_STYLE = Automatic;
				DEVELOPMENT_TEAM = 79NLKX484J;
				INFOPLIST_FILE = "OpenDotaAPI-UIKit/Info.plist";
				LD_RUNPATH_SEARCH_PATHS = (
					"$(inherited)",
					"@executable_path/Frameworks",
				);
				PRODUCT_BUNDLE_IDENTIFIER = "com.jareyesda.OpenDotaAPI-UIKit";
				PRODUCT_NAME = "$(TARGET_NAME)";
				SWIFT_VERSION = 5.0;
				TARGETED_DEVICE_FAMILY = "1,2";
			};
			name = Release;
		};
/* End XCBuildConfiguration section */

/* Begin XCConfigurationList section */
		20678BCD2660929000EDF1FB /* Build configuration list for PBXProject "OpenDotaAPI-UIKit" */ = {
			isa = XCConfigurationList;
			buildConfigurations = (
				20678BE42660929200EDF1FB /* Debug */,
				20678BE52660929200EDF1FB /* Release */,
			);
			defaultConfigurationIsVisible = 0;
			defaultConfigurationName = Release;
		};
		20678BE62660929200EDF1FB /* Build configuration list for PBXNativeTarget "OpenDotaAPI-UIKit" */ = {
			isa = XCConfigurationList;
			buildConfigurations = (
				20678BE72660929200EDF1FB /* Debug */,
				20678BE82660929200EDF1FB /* Release */,
			);
			defaultConfigurationIsVisible = 0;
			defaultConfigurationName = Release;
		};
/* End XCConfigurationList section */
	};
	rootObject = 20678BCA2660929000EDF1FB /* Project object */;
}
